[[package]]
name = "bio"
version = "1.4.0"
description = "bio"
category = "main"
optional = false
python-versions = ">=3.6"

[package.dependencies]
biopython = ">=1.79"
mygene = "*"
requests = "*"
tqdm = "*"

[[package]]
name = "biopython"
version = "1.79"
description = "Freely available tools for computational molecular biology."
category = "main"
optional = false
python-versions = ">=3.6"

[package.dependencies]
numpy = "*"

[[package]]
name = "biothings-client"
version = "0.2.6"
description = "Python Client for BioThings API services."
category = "main"
optional = false
python-versions = "*"

[package.dependencies]
requests = ">=2.3.0"

[package.extras]
caching = ["requests-cache (>=0.4.13)"]
dataframe = ["pandas (>=0.18.0)"]
jsonld = ["PyLD (>=0.7.2)"]

[[package]]
name = "black"
version = "21.12b0"
description = "The uncompromising code formatter."
category = "dev"
optional = false
python-versions = ">=3.6.2"

[package.dependencies]
click = ">=7.1.2"
mypy-extensions = ">=0.4.3"
pathspec = ">=0.9.0,<1"
platformdirs = ">=2"
tomli = ">=0.2.6,<2.0.0"
typing-extensions = [
    {version = ">=3.10.0.0", markers = "python_version < \"3.10\""},
    {version = "!=3.10.0.1", markers = "python_version >= \"3.10\""},
]

[package.extras]
colorama = ["colorama (>=0.4.3)"]
d = ["aiohttp (>=3.7.4)"]
jupyter = ["ipython (>=7.8.0)", "tokenize-rt (>=3.2.0)"]
python2 = ["typed-ast (>=1.4.3)"]
uvloop = ["uvloop (>=0.15.2)"]

[[package]]
name = "certifi"
version = "2022.6.15.2"
description = "Python package for providing Mozilla's CA Bundle."
category = "main"
optional = false
python-versions = ">=3.6"

[[package]]
name = "charset-normalizer"
version = "2.1.1"
description = "The Real First Universal Charset Detector. Open, modern and actively maintained alternative to Chardet."
category = "main"
optional = false
python-versions = ">=3.6.0"

[package.extras]
unicode_backport = ["unicodedata2"]

[[package]]
name = "click"
version = "8.1.3"
description = "Composable command line interface toolkit"
category = "dev"
optional = false
python-versions = ">=3.7"

[package.dependencies]
colorama = {version = "*", markers = "platform_system == \"Windows\""}

[[package]]
name = "colorama"
version = "0.4.5"
description = "Cross-platform colored terminal text."
category = "main"
optional = false
python-versions = ">=2.7, !=3.0.*, !=3.1.*, !=3.2.*, !=3.3.*, !=3.4.*"

[[package]]
name = "cycler"
version = "0.11.0"
description = "Composable style cycles"
category = "main"
optional = false
python-versions = ">=3.6"

[[package]]
name = "exitstatus"
version = "2.2.0"
description = "POSIX exit status codes"
category = "main"
optional = false
python-versions = ">=3.7"

[[package]]
name = "flake8"
version = "4.0.1"
description = "the modular source code checker: pep8 pyflakes and co"
category = "dev"
optional = false
python-versions = ">=3.6"

[package.dependencies]
mccabe = ">=0.6.0,<0.7.0"
pycodestyle = ">=2.8.0,<2.9.0"
pyflakes = ">=2.4.0,<2.5.0"

[[package]]
name = "fonttools"
version = "4.37.1"
description = "Tools to manipulate font files"
category = "main"
optional = false
python-versions = ">=3.7"

[package.extras]
all = ["fs (>=2.2.0,<3)", "lxml (>=4.0,<5)", "zopfli (>=0.1.4)", "lz4 (>=1.7.4.2)", "matplotlib", "sympy", "skia-pathops (>=0.5.0)", "uharfbuzz (>=0.23.0)", "brotlicffi (>=0.8.0)", "scipy", "brotli (>=1.0.1)", "munkres", "unicodedata2 (>=14.0.0)", "xattr"]
graphite = ["lz4 (>=1.7.4.2)"]
interpolatable = ["scipy", "munkres"]
lxml = ["lxml (>=4.0,<5)"]
pathops = ["skia-pathops (>=0.5.0)"]
plot = ["matplotlib"]
repacker = ["uharfbuzz (>=0.23.0)"]
symfont = ["sympy"]
type1 = ["xattr"]
ufo = ["fs (>=2.2.0,<3)"]
unicode = ["unicodedata2 (>=14.0.0)"]
woff = ["zopfli (>=0.1.4)", "brotlicffi (>=0.8.0)", "brotli (>=1.0.1)"]

[[package]]
name = "idna"
version = "3.4"
description = "Internationalized Domain Names in Applications (IDNA)"
category = "main"
optional = false
python-versions = ">=3.5"

[[package]]
name = "kiwisolver"
version = "1.4.4"
description = "A fast implementation of the Cassowary constraint solver"
category = "main"
optional = false
python-versions = ">=3.7"

[[package]]
name = "matplotlib"
version = "3.5.3"
description = "Python plotting package"
category = "main"
optional = false
python-versions = ">=3.7"

[package.dependencies]
cycler = ">=0.10"
fonttools = ">=4.22.0"
kiwisolver = ">=1.0.1"
numpy = ">=1.17"
packaging = ">=20.0"
pillow = ">=6.2.0"
pyparsing = ">=2.2.1"
python-dateutil = ">=2.7"
setuptools_scm = ">=4,<7"

[[package]]
name = "mccabe"
version = "0.6.1"
description = "McCabe checker, plugin for flake8"
category = "dev"
optional = false
python-versions = "*"

[[package]]
name = "mygene"
version = "3.2.2"
description = "Python Client for MyGene.Info services."
category = "main"
optional = false
python-versions = "*"

[package.dependencies]
biothings-client = ">=0.2.6"

[[package]]
name = "mypy-extensions"
version = "0.4.3"
description = "Experimental type system extensions for programs checked with the mypy typechecker."
category = "dev"
optional = false
python-versions = "*"

[[package]]
name = "numpy"
version = "1.23.3"
description = "NumPy is the fundamental package for array computing with Python."
category = "main"
optional = false
python-versions = ">=3.8"

[[package]]
name = "packaging"
version = "21.3"
description = "Core utilities for Python packages"
category = "main"
optional = false
python-versions = ">=3.6"

[package.dependencies]
pyparsing = ">=2.0.2,<3.0.5 || >3.0.5"

[[package]]
name = "pandas"
version = "1.4.4"
description = "Powerful data structures for data analysis, time series, and statistics"
category = "main"
optional = false
python-versions = ">=3.8"

[package.dependencies]
numpy = [
    {version = ">=1.18.5", markers = "platform_machine != \"aarch64\" and platform_machine != \"arm64\" and python_version < \"3.10\""},
    {version = ">=1.19.2", markers = "platform_machine == \"aarch64\" and python_version < \"3.10\""},
    {version = ">=1.20.0", markers = "platform_machine == \"arm64\" and python_version < \"3.10\""},
    {version = ">=1.21.0", markers = "python_version >= \"3.10\""},
]
python-dateutil = ">=2.8.1"
pytz = ">=2020.1"

[package.extras]
test = ["hypothesis (>=5.5.3)", "pytest (>=6.0)", "pytest-xdist (>=1.31)"]

[[package]]
name = "pathspec"
version = "0.10.1"
description = "Utility library for gitignore style pattern matching of file paths."
category = "dev"
optional = false
python-versions = ">=3.7"

[[package]]
name = "pillow"
version = "9.2.0"
description = "Python Imaging Library (Fork)"
category = "main"
optional = false
python-versions = ">=3.7"

[package.extras]
docs = ["furo", "olefile", "sphinx (>=2.4)", "sphinx-copybutton", "sphinx-issues (>=3.0.1)", "sphinx-removed-in", "sphinxext-opengraph"]
tests = ["check-manifest", "coverage", "defusedxml", "markdown2", "olefile", "packaging", "pyroma", "pytest", "pytest-cov", "pytest-timeout"]

[[package]]
name = "platformdirs"
version = "2.5.2"
description = "A small Python module for determining appropriate platform-specific dirs, e.g. a \"user data dir\"."
category = "dev"
optional = false
python-versions = ">=3.7"

[package.extras]
docs = ["furo (>=2021.7.5b38)", "proselint (>=0.10.2)", "sphinx-autodoc-typehints (>=1.12)", "sphinx (>=4)"]
test = ["appdirs (==1.4.4)", "pytest-cov (>=2.7)", "pytest-mock (>=3.6)", "pytest (>=6)"]

[[package]]
name = "pycodestyle"
version = "2.8.0"
description = "Python style guide checker"
category = "dev"
optional = false
python-versions = ">=2.7, !=3.0.*, !=3.1.*, !=3.2.*, !=3.3.*, !=3.4.*"

[[package]]
name = "pyfastx"
version = "0.8.4"
description = "pyfastx is a python module for fast random access to sequences from plain and gzipped FASTA/Q file"
category = "main"
optional = false
python-versions = "*"

[[package]]
name = "pyflakes"
version = "2.4.0"
description = "passive checker of Python programs"
category = "dev"
optional = false
python-versions = ">=2.7, !=3.0.*, !=3.1.*, !=3.2.*, !=3.3.*"

[[package]]
name = "pyparsing"
version = "3.0.9"
description = "pyparsing module - Classes and methods to define and execute parsing grammars"
category = "main"
optional = false
python-versions = ">=3.6.8"

[package.extras]
diagrams = ["railroad-diagrams", "jinja2"]

[[package]]
name = "python-dateutil"
version = "2.8.2"
description = "Extensions to the standard Python datetime module"
category = "main"
optional = false
python-versions = "!=3.0.*,!=3.1.*,!=3.2.*,>=2.7"

[package.dependencies]
six = ">=1.5"

[[package]]
name = "pytz"
version = "2022.2.1"
description = "World timezone definitions, modern and historical"
category = "main"
optional = false
python-versions = "*"

[[package]]
name = "requests"
version = "2.28.1"
description = "Python HTTP for Humans."
category = "main"
optional = false
python-versions = ">=3.7, <4"

[package.dependencies]
certifi = ">=2017.4.17"
charset-normalizer = ">=2,<3"
idna = ">=2.5,<4"
urllib3 = ">=1.21.1,<1.27"

[package.extras]
socks = ["PySocks (>=1.5.6,!=1.5.7)"]
use_chardet_on_py3 = ["chardet (>=3.0.2,<6)"]

[[package]]
name = "setuptools-scm"
version = "6.4.2"
description = "the blessed package to manage your versions by scm tags"
category = "main"
optional = false
python-versions = ">=3.6"

[package.dependencies]
packaging = ">=20.0"
tomli = ">=1.0.0"

[package.extras]
test = ["pytest (>=6.2)", "virtualenv (>20)"]
toml = ["setuptools (>=42)"]

[[package]]
name = "six"
version = "1.16.0"
description = "Python 2 and 3 compatibility utilities"
category = "main"
optional = false
python-versions = ">=2.7, !=3.0.*, !=3.1.*, !=3.2.*"

[[package]]
name = "tomli"
version = "1.2.3"
description = "A lil' TOML parser"
category = "main"
optional = false
python-versions = ">=3.6"

[[package]]
name = "tqdm"
version = "4.64.1"
description = "Fast, Extensible Progress Meter"
category = "main"
optional = false
python-versions = "!=3.0.*,!=3.1.*,!=3.2.*,!=3.3.*,>=2.7"

[package.dependencies]
colorama = {version = "*", markers = "platform_system == \"Windows\""}

[package.extras]
dev = ["py-make (>=0.1.0)", "twine", "wheel"]
notebook = ["ipywidgets (>=6)"]
slack = ["slack-sdk"]
telegram = ["requests"]

[[package]]
name = "typing-extensions"
version = "4.3.0"
description = "Backported and Experimental Type Hints for Python 3.7+"
category = "dev"
optional = false
python-versions = ">=3.7"

[[package]]
name = "urllib3"
version = "1.26.12"
description = "HTTP library with thread-safe connection pooling, file post, and more."
category = "main"
optional = false
python-versions = ">=2.7, !=3.0.*, !=3.1.*, !=3.2.*, !=3.3.*, !=3.4.*, !=3.5.*, <4"

[package.extras]
brotli = ["brotlicffi (>=0.8.0)", "brotli (>=1.0.9)", "brotlipy (>=0.6.0)"]
secure = ["pyOpenSSL (>=0.14)", "cryptography (>=1.3.4)", "idna (>=2.0.0)", "certifi", "urllib3-secure-extra", "ipaddress"]
socks = ["PySocks (>=1.5.6,!=1.5.7,<2.0)"]

[metadata]
lock-version = "1.1"
python-versions = "^3.8"
content-hash = "0f17b31779b8444fc40b5365e4a2f54f8138250916bbe158d3858f755a7bdf30"

[metadata.files]
bio = []
biopython = [
    {file = "biopython-1.79-cp36-cp36m-macosx_10_9_x86_64.whl", hash = "sha256:72a1477cf1701964c7224e506a54fd65d1cc5228da200b634a17992230aa1cbd"},
    {file = "biopython-1.79-cp36-cp36m-manylinux_2_17_aarch64.manylinux2014_aarch64.whl", hash = "sha256:365569543ea58dd07ef205ec351c23b6c1a3200d5d321eb28ceaecd55eb5955e"},
    {file = "biopython-1.79-cp36-cp36m-manylinux_2_5_i686.manylinux1_i686.whl", hash = "sha256:4be31815226052d86d4c2f6a103c40504e34bba3e25cc1b1d687a3203c42fb6e"},
    {file = "biopython-1.79-cp36-cp36m-manylinux_2_5_x86_64.manylinux1_x86_64.whl", hash = "sha256:ceab668be9cbdcddef55ad459f87acd0316ae4a00d32251fea4cf665f5062fda"},
    {file = "biopython-1.79-cp36-cp36m-win32.whl", hash = "sha256:83bfea8a19f9352c47b13965c4b73853e7aeef3c5aed8489895b0679e32c621b"},
    {file = "biopython-1.79-cp36-cp36m-win_amd64.whl", hash = "sha256:98deacc30b8654cfcdcf707d93fa4e3c8717bbda07c3f9f828cf84753d4a1e4d"},
    {file = "biopython-1.79-cp37-cp37m-macosx_10_9_x86_64.whl", hash = "sha256:884a2b99ac7820cb84f70089769a512e3238ee60438b8c934ed519613dc570ce"},
    {file = "biopython-1.79-cp37-cp37m-manylinux_2_17_aarch64.manylinux2014_aarch64.whl", hash = "sha256:51eb467a60c38820ad1e6c3a7d4cb10535606f559646e824cc65c96091d91ff7"},
    {file = "biopython-1.79-cp37-cp37m-manylinux_2_5_i686.manylinux1_i686.whl", hash = "sha256:03ee5c72b3cc3f0675a8c22ce1c45fe99a32a60db18df059df479ae6cf619708"},
    {file = "biopython-1.79-cp37-cp37m-manylinux_2_5_x86_64.manylinux1_x86_64.whl", hash = "sha256:9580978803b582e0612b71673cab289e6bf261a865009cfb9501d65bc726a76e"},
    {file = "biopython-1.79-cp37-cp37m-win32.whl", hash = "sha256:5ae69c5e09769390643aa0f8064517665df6fb99c37433821d6664584d0ecb8c"},
    {file = "biopython-1.79-cp37-cp37m-win_amd64.whl", hash = "sha256:f0a7e1d94a318f74974345fd0987ec389b16988ec484e67218e900b116b932a8"},
    {file = "biopython-1.79-cp38-cp38-macosx_10_9_x86_64.whl", hash = "sha256:aa23a83a220486af6193760d079b36543fe00afcfbd18280ca2fd0b2c1c8dd6d"},
    {file = "biopython-1.79-cp38-cp38-manylinux_2_17_aarch64.manylinux2014_aarch64.whl", hash = "sha256:4b3d4eec2e348c3d97a7fde80ee0f2b8ebeed849d2bd64a616833a9be03b93c8"},
    {file = "biopython-1.79-cp38-cp38-manylinux_2_5_i686.manylinux1_i686.whl", hash = "sha256:947b793e804c59ea45ae46945a57612ad1789ca87af4af0d6a62dcecf3a6246a"},
    {file = "biopython-1.79-cp38-cp38-manylinux_2_5_x86_64.manylinux1_x86_64.whl", hash = "sha256:d9f6ce961e0c380e2a5435f64c96421dbcebeab6a1b41506bd81251feb733c08"},
    {file = "biopython-1.79-cp38-cp38-win32.whl", hash = "sha256:155c5b95857bca7ebd607210cb9d8ea459bb0b86b3ca37ea44ec47c26ede7e9a"},
    {file = "biopython-1.79-cp38-cp38-win_amd64.whl", hash = "sha256:2dbb4388c75b5dfca8ce729e791f465c9c878dbd7ba2ab9a1f9854609d2b5426"},
    {file = "biopython-1.79-cp39-cp39-macosx_10_9_x86_64.whl", hash = "sha256:76988ed3d7383d566db1d7fc69c9cf136c6275813fb749fc6753c340f81f1a8f"},
    {file = "biopython-1.79-cp39-cp39-manylinux_2_17_aarch64.manylinux2014_aarch64.whl", hash = "sha256:e921571b51514a6d35944242d6fef6427c3998acf58940fe1f209ac8a92a6e87"},
    {file = "biopython-1.79-cp39-cp39-manylinux_2_5_i686.manylinux1_i686.whl", hash = "sha256:bf634a56f449a4123e48e538d661948e5ac29fb452acd2962b8cb834b472a9d7"},
    {file = "biopython-1.79-cp39-cp39-manylinux_2_5_x86_64.manylinux1_x86_64.whl", hash = "sha256:ab93d5749b375be3682866b3a606aa2ebd3e6d868079793925bf4fbb0987cf1f"},
    {file = "biopython-1.79-cp39-cp39-win32.whl", hash = "sha256:8f33dafd3c7254fff5e1684b965e45a7c08d9b8e1bf51562b0a521ff9a6f5ea0"},
    {file = "biopython-1.79-cp39-cp39-win_amd64.whl", hash = "sha256:b3ab26f26a1956ef26303386510d84e917e31fcbbc94918c336da0163ef628df"},
    {file = "biopython-1.79.tar.gz", hash = "sha256:edb07eac99d3b8abd7ba56ff4bedec9263f76dfc3c3f450e7d2e2bcdecf8559b"},
]
biothings-client = [
    {file = "biothings_client-0.2.6-py2.py3-none-any.whl", hash = "sha256:f88f3dfcc962d84b3555a426ae59cf4752761c17b8968ae60532109b9e8a232e"},
    {file = "biothings_client-0.2.6.tar.gz", hash = "sha256:84d9d577b8fb3963a2fa71c5a13b10411566f3bc2e8ba67bb15de9d2ced08c2d"},
]
black = [
    {file = "black-21.12b0-py3-none-any.whl", hash = "sha256:a615e69ae185e08fdd73e4715e260e2479c861b5740057fde6e8b4e3b7dd589f"},
    {file = "black-21.12b0.tar.gz", hash = "sha256:77b80f693a569e2e527958459634f18df9b0ba2625ba4e0c2d5da5be42e6f2b3"},
]
certifi = []
charset-normalizer = []
click = [
    {file = "click-8.1.3-py3-none-any.whl", hash = "sha256:bb4d8133cb15a609f44e8213d9b391b0809795062913b383c62be0ee95b1db48"},
    {file = "click-8.1.3.tar.gz", hash = "sha256:7682dc8afb30297001674575ea00d1814d808d6a36af415a82bd481d37ba7b8e"},
]
colorama = []
cycler = [
    {file = "cycler-0.11.0-py3-none-any.whl", hash = "sha256:3a27e95f763a428a739d2add979fa7494c912a32c17c4c38c4d5f082cad165a3"},
    {file = "cycler-0.11.0.tar.gz", hash = "sha256:9c87405839a19696e837b3b818fed3f5f69f16f1eec1a1ad77e043dcea9c772f"},
]
exitstatus = [
    {file = "exitstatus-2.2.0-py3-none-any.whl", hash = "sha256:977b69ba4d2147e112fdc0661cac1541c5639f7b116c51f12dedc48f4dffcc8b"},
    {file = "exitstatus-2.2.0.tar.gz", hash = "sha256:89f638e9b3361b8b57fb9e716e918cc947decd15bf10af9b2d9ad85c23096480"},
]
flake8 = [
    {file = "flake8-4.0.1-py2.py3-none-any.whl", hash = "sha256:479b1304f72536a55948cb40a32dce8bb0ffe3501e26eaf292c7e60eb5e0428d"},
    {file = "flake8-4.0.1.tar.gz", hash = "sha256:806e034dda44114815e23c16ef92f95c91e4c71100ff52813adf7132a6ad870d"},
]
fonttools = []
idna = []
kiwisolver = []
matplotlib = []
mccabe = [
    {file = "mccabe-0.6.1-py2.py3-none-any.whl", hash = "sha256:ab8a6258860da4b6677da4bd2fe5dc2c659cff31b3ee4f7f5d64e79735b80d42"},
    {file = "mccabe-0.6.1.tar.gz", hash = "sha256:dd8d182285a0fe56bace7f45b5e7d1a6ebcbf524e8f3bd87eb0f125271b8831f"},
]
mygene = [
    {file = "mygene-3.2.2-py2.py3-none-any.whl", hash = "sha256:18d85d1b28ecee2be31d844607fb0c5f7d7c58573278432df819ee2a5e88fe46"},
    {file = "mygene-3.2.2.tar.gz", hash = "sha256:e729cabbc28cf5afb221bca1ab637883b375cb1a3e2f067587ec79f71affdaea"},
]
mypy-extensions = [
    {file = "mypy_extensions-0.4.3-py2.py3-none-any.whl", hash = "sha256:090fedd75945a69ae91ce1303b5824f428daf5a028d2f6ab8a299250a846f15d"},
    {file = "mypy_extensions-0.4.3.tar.gz", hash = "sha256:2d82818f5bb3e369420cb3c4060a7970edba416647068eb4c5343488a6c604a8"},
]
numpy = []
packaging = [
    {file = "packaging-21.3-py3-none-any.whl", hash = "sha256:ef103e05f519cdc783ae24ea4e2e0f508a9c99b2d4969652eed6a2e1ea5bd522"},
    {file = "packaging-21.3.tar.gz", hash = "sha256:dd47c42927d89ab911e606518907cc2d3a1f38bbd026385970643f9c5b8ecfeb"},
]
pandas = []
pathspec = []
pillow = []
platformdirs = [
    {file = "platformdirs-2.5.2-py3-none-any.whl", hash = "sha256:027d8e83a2d7de06bbac4e5ef7e023c02b863d7ea5d079477e722bb41ab25788"},
    {file = "platformdirs-2.5.2.tar.gz", hash = "sha256:58c8abb07dcb441e6ee4b11d8df0ac856038f944ab98b7be6b27b2a3c7feef19"},
]
pycodestyle = [
    {file = "pycodestyle-2.8.0-py2.py3-none-any.whl", hash = "sha256:720f8b39dde8b293825e7ff02c475f3077124006db4f440dcbc9a20b76548a20"},
    {file = "pycodestyle-2.8.0.tar.gz", hash = "sha256:eddd5847ef438ea1c7870ca7eb78a9d47ce0cdb4851a5523949f2601d0cbbe7f"},
]
pyfastx = [
    {file = "pyfastx-0.8.4-cp35-cp35m-macosx_10_9_x86_64.whl", hash = "sha256:bb67f42735e72d8b14b28590fcb0ced1a98cd9005413a0898c7cfa6c5bc1a5c6"},
    {file = "pyfastx-0.8.4-cp35-cp35m-manylinux1_i686.whl", hash = "sha256:85c0edb900848de5a25a0fefab30af314abb8a7b05900173a96508bfd3571ddb"},
    {file = "pyfastx-0.8.4-cp35-cp35m-manylinux1_x86_64.whl", hash = "sha256:3b4ae3809b71b72d59347830fa87412cf96c2f0b837a44cca1bb91d51b7eebf5"},
    {file = "pyfastx-0.8.4-cp35-cp35m-manylinux2010_i686.whl", hash = "sha256:dc4207c19c3dc3ec4ce76661904f31a78ec99756b3ef1b656f5712b0ec7432b9"},
    {file = "pyfastx-0.8.4-cp35-cp35m-manylinux2010_x86_64.whl", hash = "sha256:6b3c71b8acd850fd4b662728cb356d92b4789672efe2f5d2791becbc4705d27d"},
    {file = "pyfastx-0.8.4-cp35-cp35m-win32.whl", hash = "sha256:82fb7340f628cffc13751cb8ddf4539d96b1542e9b9dd21fc368b8f3b35024b7"},
    {file = "pyfastx-0.8.4-cp35-cp35m-win_amd64.whl", hash = "sha256:6bf0dfc3fd1e7af8ef0777dbd20635e6e35db832af5c461bb0e676ff02e7552f"},
    {file = "pyfastx-0.8.4-cp36-cp36m-macosx_10_9_x86_64.whl", hash = "sha256:53a1b2d91c2a9c364579aff6305b413b6a9eac1cf739ffaa6182d0bdf6ec3dd6"},
    {file = "pyfastx-0.8.4-cp36-cp36m-manylinux1_i686.whl", hash = "sha256:5966ea5788eac13a41816eb91348c26ac83e0dde677e0a1a875b24e73f88363e"},
    {file = "pyfastx-0.8.4-cp36-cp36m-manylinux1_x86_64.whl", hash = "sha256:1857354f75a5c4dbff2cdf2b885c5eb58221dc72e539320ff75814d591aa0e8b"},
    {file = "pyfastx-0.8.4-cp36-cp36m-manylinux2010_i686.whl", hash = "sha256:a12a8046e8585e8159403a95e110cec7020a79a6ceeffe6c1ad814b9365df6b9"},
    {file = "pyfastx-0.8.4-cp36-cp36m-manylinux2010_x86_64.whl", hash = "sha256:ca06602d642d6fce692d9cf76003a2010d0791ca9a4f1c4ad26226a378866787"},
    {file = "pyfastx-0.8.4-cp36-cp36m-win32.whl", hash = "sha256:6364813d2d32bb52c2e8967a3fbeeb063e562942a47ee7966c5d0555aa39245b"},
    {file = "pyfastx-0.8.4-cp36-cp36m-win_amd64.whl", hash = "sha256:45839975776f9217f66925cfb319d6780e1cdbb1bc91c23fff4e43411f1623a9"},
    {file = "pyfastx-0.8.4-cp37-cp37m-macosx_10_9_x86_64.whl", hash = "sha256:8d4085c767550ba98e4b93cb1c7fb10fa4948347ae69460fdca22d65223755d0"},
    {file = "pyfastx-0.8.4-cp37-cp37m-manylinux1_i686.whl", hash = "sha256:4f7d4c41cf5597622de4e6e28b7dd242f6ed14a017134076264c2461ef0952ec"},
    {file = "pyfastx-0.8.4-cp37-cp37m-manylinux1_x86_64.whl", hash = "sha256:ca57156dd6bb8dc03d91ba6bb71513b3cc197d15dcc626b085f384f90ef73f19"},
    {file = "pyfastx-0.8.4-cp37-cp37m-manylinux2010_i686.whl", hash = "sha256:5983dd1153485cbd0803b0c1cd2240c9156a5827f26d62d7cb34c74d269885d6"},
    {file = "pyfastx-0.8.4-cp37-cp37m-manylinux2010_x86_64.whl", hash = "sha256:04ac4f5fc5c514e75fdbdaf783df770187221574277a38f5f27aa4d4ee849fd0"},
    {file = "pyfastx-0.8.4-cp37-cp37m-win32.whl", hash = "sha256:e3552a6a80d91355b29fbe562126270210587899a6514374eda4336967a4586e"},
    {file = "pyfastx-0.8.4-cp37-cp37m-win_amd64.whl", hash = "sha256:3fcfde0890142c8f73872f6239bfab5f15d89276a2bb09ef18dabca0555c8038"},
    {file = "pyfastx-0.8.4-cp38-cp38-macosx_10_9_x86_64.whl", hash = "sha256:bebc53c878fa6d2a15d5dd574e760c1ebc93e40c46d27872e2d5f0fb28b63dd2"},
    {file = "pyfastx-0.8.4-cp38-cp38-manylinux1_i686.whl", hash = "sha256:c1693f7448e3e0dbd4fa60e7bea80720b953044d29b3fc191a4a3534d194ff29"},
    {file = "pyfastx-0.8.4-cp38-cp38-manylinux1_x86_64.whl", hash = "sha256:ab071008c3a0d5a721891a2510067b475699dfd617446d0ac97a588a3a2d7471"},
    {file = "pyfastx-0.8.4-cp38-cp38-manylinux2010_i686.whl", hash = "sha256:88eaef44817d0932e1abd32c63015cb9a7400a1be783e72b0f9746926d8f3cfb"},
    {file = "pyfastx-0.8.4-cp38-cp38-manylinux2010_x86_64.whl", hash = "sha256:bd4bfbd9d1a7e796e0e2f558beddfa04f141467a82df76861b7c64d5750d62ac"},
    {file = "pyfastx-0.8.4-cp38-cp38-win32.whl", hash = "sha256:6dbde773e8f1bb7a1a7def1f505519c577edce631e59a00cbf4080c3d80ae9a7"},
    {file = "pyfastx-0.8.4-cp38-cp38-win_amd64.whl", hash = "sha256:cc06070a09a5d55c8a15ab23ec5c119dc25ed3c4fd9956da36c0d252e8746290"},
    {file = "pyfastx-0.8.4-cp39-cp39-macosx_10_9_x86_64.whl", hash = "sha256:0760041447904aefd647df8ce2f4d008059324e6aa275b703c6c2ac1334b40cf"},
    {file = "pyfastx-0.8.4-cp39-cp39-manylinux1_i686.whl", hash = "sha256:51e9fffa705992a4ac558cc399405e003b5b87cbdbe06f366ad4891511777dac"},
    {file = "pyfastx-0.8.4-cp39-cp39-manylinux1_x86_64.whl", hash = "sha256:ca38b8c0f97dde4ebf8f221c52da13b4559722e32f209a886f4061597a5df21d"},
    {file = "pyfastx-0.8.4-cp39-cp39-manylinux2010_i686.whl", hash = "sha256:4b0718ea0b64e76588cb6e8a2427559db78cef50ead70097a3cd8994571f4f7d"},
    {file = "pyfastx-0.8.4-cp39-cp39-manylinux2010_x86_64.whl", hash = "sha256:de6027a1c04c9cf1cab90167fc1f20097b4503485e6a142fa0c473aa9d00d45a"},
    {file = "pyfastx-0.8.4-cp39-cp39-win_amd64.whl", hash = "sha256:1563bc974bce54f586689df185aae03aef72ae5ed79ded9340254ea94507d764"},
    {file = "pyfastx-0.8.4.tar.gz", hash = "sha256:20cee9faff140f973c59fbe98121eac2d67acf3eb7fef5fdf69a8b4942b4468c"},
]
pyflakes = [
    {file = "pyflakes-2.4.0-py2.py3-none-any.whl", hash = "sha256:3bb3a3f256f4b7968c9c788781e4ff07dce46bdf12339dcda61053375426ee2e"},
    {file = "pyflakes-2.4.0.tar.gz", hash = "sha256:05a85c2872edf37a4ed30b0cce2f6093e1d0581f8c19d7393122da7e25b2b24c"},
]
pyparsing = [
    {file = "pyparsing-3.0.9-py3-none-any.whl", hash = "sha256:5026bae9a10eeaefb61dab2f09052b9f4307d44aee4eda64b309723d8d206bbc"},
    {file = "pyparsing-3.0.9.tar.gz", hash = "sha256:2b020ecf7d21b687f219b71ecad3631f644a47f01403fa1d1036b0c6416d70fb"},
]
python-dateutil = [
    {file = "python-dateutil-2.8.2.tar.gz", hash = "sha256:0123cacc1627ae19ddf3c27a5de5bd67ee4586fbdd6440d9748f8abb483d3e86"},
    {file = "python_dateutil-2.8.2-py2.py3-none-any.whl", hash = "sha256:961d03dc3453ebbc59dbdea9e4e11c5651520a876d0f4db161e8674aae935da9"},
]
pytz = []
requests = []
setuptools-scm = [
    {file = "setuptools_scm-6.4.2-py3-none-any.whl", hash = "sha256:acea13255093849de7ccb11af9e1fb8bde7067783450cee9ef7a93139bddf6d4"},
    {file = "setuptools_scm-6.4.2.tar.gz", hash = "sha256:6833ac65c6ed9711a4d5d2266f8024cfa07c533a0e55f4c12f6eff280a5a9e30"},
]
six = [
    {file = "six-1.16.0-py2.py3-none-any.whl", hash = "sha256:8abb2f1d86890a2dfb989f9a77cfcfd3e47c2a354b01111771326f8aa26e0254"},
    {file = "six-1.16.0.tar.gz", hash = "sha256:1e61c37477a1626458e36f7b1d82aa5c9b094fa4802892072e49de9c60c4c926"},
]
tomli = [
    {file = "tomli-1.2.3-py3-none-any.whl", hash = "sha256:e3069e4be3ead9668e21cb9b074cd948f7b3113fd9c8bba083f48247aab8b11c"},
    {file = "tomli-1.2.3.tar.gz", hash = "sha256:05b6166bff487dc068d322585c7ea4ef78deed501cc124060e0f238e89a9231f"},
]
tqdm = []
typing-extensions = []
urllib3 = []
